
Microsoft Visual Studio Solution File, Format Version 12.00
# Visual Studio Version 16
VisualStudioVersion = 16.0.30907.101
MinimumVisualStudioVersion = 10.0.40219.1
Project("{FAE04EC0-301F-11D3-BF4B-00C04F79EFBC}") = "KnapsackProblem", "KnapsackProblem.csproj", "{A6724B7E-3DDA-43C8-B38F-A02793B0036C}"
EndProject
Global
	GlobalSection(SolutionConfigurationPlatforms) = preSolution
		Debug|Any CPU = Debug|Any CPU
		Release|Any CPU = Release|Any CPU
	EndGlobalSection
	GlobalSection(ProjectConfigurationPlatforms) = postSolution
		{A6724B7E-3DDA-43C8-B38F-A02793B0036C}.Debug|Any CPU.ActiveCfg = Debug|Any CPU
		{A6724B7E-3DDA-43C8-B38F-A02793B0036C}.Debug|Any CPU.Build.0 = Debug|Any CPU
		{A6724B7E-3DDA-43C8-B38F-A02793B0036C}.Release|Any CPU.ActiveCfg = Release|Any CPU
		{A6724B7E-3DDA-43C8-B38F-A02793B0036C}.Release|Any CPU.Build.0 = Release|Any CPU
	EndGlobalSection
	GlobalSection(SolutionProperties) = preSolution
		HideSolutionNode = FALSE
	EndGlobalSection
	GlobalSection(ExtensibilityGlobals) = postSolution
		SolutionGuid = {0274E982-B714-498D-852B-76280CD4479A}
	EndGlobalSection
EndGlobal
